
Microsoft Visual Studio Solution File, Format Version 12.00
# Visual Studio Version 17
VisualStudioVersion = 17.13.35818.85
MinimumVisualStudioVersion = 10.0.40219.1
Project("{FAE04EC0-301F-11D3-BF4B-00C04F79EFBC}") = "logintask", "logintask\logintask.csproj", "{DB98743D-DCAB-465B-AEEE-2F69321DC8FB}"
EndProject
Global
	GlobalSection(SolutionConfigurationPlatforms) = preSolution
		Debug|Any CPU = Debug|Any CPU
		Release|Any CPU = Release|Any CPU
	EndGlobalSection
	GlobalSection(ProjectConfigurationPlatforms) = postSolution
		{DB98743D-DCAB-465B-AEEE-2F69321DC8FB}.Debug|Any CPU.ActiveCfg = Debug|Any CPU
		{DB98743D-DCAB-465B-AEEE-2F69321DC8FB}.Debug|Any CPU.Build.0 = Debug|Any CPU
		{DB98743D-DCAB-465B-AEEE-2F69321DC8FB}.Release|Any CPU.ActiveCfg = Release|Any CPU
		{DB98743D-DCAB-465B-AEEE-2F69321DC8FB}.Release|Any CPU.Build.0 = Release|Any CPU
	EndGlobalSection
	GlobalSection(SolutionProperties) = preSolution
		HideSolutionNode = FALSE
	EndGlobalSection
	GlobalSection(ExtensibilityGlobals) = postSolution
		SolutionGuid = {BEB95330-884F-40E2-89DB-C7397F86A1F0}
	EndGlobalSection
EndGlobal
